
Microsoft Visual Studio Solution File, Format Version 12.00
# Visual Studio Version 17
VisualStudioVersion = 17.10.35122.118
MinimumVisualStudioVersion = 10.0.40219.1
Project("{FAE04EC0-301F-11D3-BF4B-00C04F79EFBC}") = "ToDoList", "ToDoList.csproj", "{6B66EA7D-5F11-4D97-8DFF-84E6A9284A03}"
EndProject
Global
	GlobalSection(SolutionConfigurationPlatforms) = preSolution
		Debug|Any CPU = Debug|Any CPU
		Release|Any CPU = Release|Any CPU
	EndGlobalSection
	GlobalSection(ProjectConfigurationPlatforms) = postSolution
		{6B66EA7D-5F11-4D97-8DFF-84E6A9284A03}.Debug|Any CPU.ActiveCfg = Debug|Any CPU
		{6B66EA7D-5F11-4D97-8DFF-84E6A9284A03}.Debug|Any CPU.Build.0 = Debug|Any CPU
		{6B66EA7D-5F11-4D97-8DFF-84E6A9284A03}.Release|Any CPU.ActiveCfg = Release|Any CPU
		{6B66EA7D-5F11-4D97-8DFF-84E6A9284A03}.Release|Any CPU.Build.0 = Release|Any CPU
	EndGlobalSection
	GlobalSection(SolutionProperties) = preSolution
		HideSolutionNode = FALSE
	EndGlobalSection
	GlobalSection(ExtensibilityGlobals) = postSolution
		SolutionGuid = {55E03040-40E2-4C20-B5E6-368426860158}
	EndGlobalSection
EndGlobal
